
Microsoft Visual Studio Solution File, Format Version 12.00
# Visual Studio Version 16
VisualStudioVersion = 16.0.32802.440
MinimumVisualStudioVersion = 10.0.40219.1
Project("{FAE04EC0-301F-11D3-BF4B-00C04F79EFBC}") = "NewProjectCAS", "NewProjectCAS\NewProjectCAS.csproj", "{2327C807-845C-4748-8BFF-1E6F58CBDA20}"
EndProject
Global
	GlobalSection(SolutionConfigurationPlatforms) = preSolution
		Debug|Any CPU = Debug|Any CPU
		Release|Any CPU = Release|Any CPU
	EndGlobalSection
	GlobalSection(ProjectConfigurationPlatforms) = postSolution
		{2327C807-845C-4748-8BFF-1E6F58CBDA20}.Debug|Any CPU.ActiveCfg = Debug|Any CPU
		{2327C807-845C-4748-8BFF-1E6F58CBDA20}.Debug|Any CPU.Build.0 = Debug|Any CPU
		{2327C807-845C-4748-8BFF-1E6F58CBDA20}.Release|Any CPU.ActiveCfg = Release|Any CPU
		{2327C807-845C-4748-8BFF-1E6F58CBDA20}.Release|Any CPU.Build.0 = Release|Any CPU
	EndGlobalSection
	GlobalSection(SolutionProperties) = preSolution
		HideSolutionNode = FALSE
	EndGlobalSection
	GlobalSection(ExtensibilityGlobals) = postSolution
		SolutionGuid = {49BD78C8-0939-453D-AF06-1068C9DFEFD9}
	EndGlobalSection
EndGlobal
